{
  "file_path": "D:\\MCP\\plan\\README.md",
  "tool_name": "Write",
  "session_id": "582de2b8-5f68-4b8a-8961-30b3b6bd70e8",
  "timestamp": 1760430635.4706712,
  "lock_duration": 60,
  "status": "active",
  "unlock_immediately": false,
  "completion_timestamp": null,
  "unlock_timestamp": null,
  "unlock_method": null
}