{
  "file_path": "D:\\MCP\\plan\\README.md",
  "tool_name": "Edit",
  "session_id": "64b53fdd-8d05-47c6-a0a6-e2f3f096087d",
  "timestamp": 1760432047.1310086,
  "lock_duration": 60,
  "status": "active",
  "unlock_immediately": false,
  "completion_timestamp": null,
  "unlock_timestamp": null,
  "unlock_method": null
}